github.com/mark-summerfield/gong v1.4.2 h1:OdN0S/dmXFMez0GGHjt02JTSb0uYuBRyr+Z1CRT7YNU=
github.com/mark-summerfield/gong v1.4.2/go.mod h1:5kGj4lCGcOmseSRIGGo9GQdfjWP00BDXYmlIhuLauOY=
github.com/mattn/go-sqlite3 v1.14.16 h1:yOQRA0RpS5PFz/oikGwBEqvAWhWg5ufRz4ETLjwpU1Y=
github.com/mattn/go-sqlite3 v1.14.16/go.mod h1:2eHXhiwb8IkHr+BDWZGa96P6+rkvnG63S2DGjv9HUNg=
golang.org/x/exp v0.0.0-20230510235704-dd950f8aeaea h1:vLCWI/yYrdEHyN2JzIzPO3aaQJHQdp89IZBA/+azVC4=
golang.org/x/exp v0.0.0-20230510235704-dd950f8aeaea/go.mod h1:V1LtkGg67GoY2N1AnLN78QLrzxkLyJw7RJb1gzOOz9w=
